
Microsoft Visual Studio Solution File, Format Version 12.00
# Visual Studio Version 16
VisualStudioVersion = 16.0.30907.101
MinimumVisualStudioVersion = 10.0.40219.1
Project("{FAE04EC0-301F-11D3-BF4B-00C04F79EFBC}") = "Adapter", "Adapter.csproj", "{B9D050D9-1F26-4AC5-96C8-6044D8D198E8}"
EndProject
Global
	GlobalSection(SolutionConfigurationPlatforms) = preSolution
		Debug|Any CPU = Debug|Any CPU
		Release|Any CPU = Release|Any CPU
	EndGlobalSection
	GlobalSection(ProjectConfigurationPlatforms) = postSolution
		{B9D050D9-1F26-4AC5-96C8-6044D8D198E8}.Debug|Any CPU.ActiveCfg = Debug|Any CPU
		{B9D050D9-1F26-4AC5-96C8-6044D8D198E8}.Debug|Any CPU.Build.0 = Debug|Any CPU
		{B9D050D9-1F26-4AC5-96C8-6044D8D198E8}.Release|Any CPU.ActiveCfg = Release|Any CPU
		{B9D050D9-1F26-4AC5-96C8-6044D8D198E8}.Release|Any CPU.Build.0 = Release|Any CPU
	EndGlobalSection
	GlobalSection(SolutionProperties) = preSolution
		HideSolutionNode = FALSE
	EndGlobalSection
	GlobalSection(ExtensibilityGlobals) = postSolution
		SolutionGuid = {D860F61E-4530-4B65-A31C-651BD6CD344D}
	EndGlobalSection
EndGlobal
