
Microsoft Visual Studio Solution File, Format Version 12.00
# Visual Studio Version 16
VisualStudioVersion = 16.0.30907.101
MinimumVisualStudioVersion = 10.0.40219.1
Project("{FAE04EC0-301F-11D3-BF4B-00C04F79EFBC}") = "FactoryMethod", "FactoryMethod.csproj", "{8AB4C878-C811-4CF4-BFB3-7CB1725BA1F8}"
EndProject
Global
	GlobalSection(SolutionConfigurationPlatforms) = preSolution
		Debug|Any CPU = Debug|Any CPU
		Release|Any CPU = Release|Any CPU
	EndGlobalSection
	GlobalSection(ProjectConfigurationPlatforms) = postSolution
		{8AB4C878-C811-4CF4-BFB3-7CB1725BA1F8}.Debug|Any CPU.ActiveCfg = Debug|Any CPU
		{8AB4C878-C811-4CF4-BFB3-7CB1725BA1F8}.Debug|Any CPU.Build.0 = Debug|Any CPU
		{8AB4C878-C811-4CF4-BFB3-7CB1725BA1F8}.Release|Any CPU.ActiveCfg = Release|Any CPU
		{8AB4C878-C811-4CF4-BFB3-7CB1725BA1F8}.Release|Any CPU.Build.0 = Release|Any CPU
	EndGlobalSection
	GlobalSection(SolutionProperties) = preSolution
		HideSolutionNode = FALSE
	EndGlobalSection
	GlobalSection(ExtensibilityGlobals) = postSolution
		SolutionGuid = {9C061CA3-B733-43FB-8A5E-5AA04FE9B1C3}
	EndGlobalSection
EndGlobal
